
Microsoft Visual Studio Solution File, Format Version 12.00
# Visual Studio Version 17
VisualStudioVersion = 17.4.33213.308
MinimumVisualStudioVersion = 10.0.40219.1
Project("{FAE04EC0-301F-11D3-BF4B-00C04F79EFBC}") = "DemoClientCSharp", "DemoClientCSharp\DemoClientCSharp.csproj", "{F078A324-68D4-4CE9-BB82-19AA2BB5E96F}"
EndProject
Global
	GlobalSection(SolutionConfigurationPlatforms) = preSolution
		Debug|Any CPU = Debug|Any CPU
		Release|Any CPU = Release|Any CPU
	EndGlobalSection
	GlobalSection(ProjectConfigurationPlatforms) = postSolution
		{F078A324-68D4-4CE9-BB82-19AA2BB5E96F}.Debug|Any CPU.ActiveCfg = Debug|Any CPU
		{F078A324-68D4-4CE9-BB82-19AA2BB5E96F}.Debug|Any CPU.Build.0 = Debug|Any CPU
		{F078A324-68D4-4CE9-BB82-19AA2BB5E96F}.Release|Any CPU.ActiveCfg = Release|Any CPU
		{F078A324-68D4-4CE9-BB82-19AA2BB5E96F}.Release|Any CPU.Build.0 = Release|Any CPU
	EndGlobalSection
	GlobalSection(SolutionProperties) = preSolution
		HideSolutionNode = FALSE
	EndGlobalSection
	GlobalSection(ExtensibilityGlobals) = postSolution
		SolutionGuid = {FF3DCA5E-5DEE-44AC-A914-D40B9BFBF3D9}
	EndGlobalSection
EndGlobal
